
Microsoft Visual Studio Solution File, Format Version 12.00
# Visual Studio Version 17
VisualStudioVersion = 17.14.36429.23
MinimumVisualStudioVersion = 10.0.40219.1
Project("{FAE04EC0-301F-11D3-BF4B-00C04F79EFBC}") = "MudXtra.ThemeCreator.UI", "MudXtra.ThemeCreator.UI\MudXtra.ThemeCreator.UI.csproj", "{F7649755-1810-4705-A455-4A2E75DAF664}"
EndProject
Project("{FAE04EC0-301F-11D3-BF4B-00C04F79EFBC}") = "MudXtra.ThemeCreator.Infrastructure", "MudXtra.ThemeCreator.Infrastructure\MudXtra.ThemeCreator.Infrastructure.csproj", "{956E8398-92C9-4042-A180-EE7B9D24B7F2}"
EndProject
Global
	GlobalSection(SolutionConfigurationPlatforms) = preSolution
		Debug|Any CPU = Debug|Any CPU
		Release|Any CPU = Release|Any CPU
	EndGlobalSection
	GlobalSection(ProjectConfigurationPlatforms) = postSolution
		{F7649755-1810-4705-A455-4A2E75DAF664}.Debug|Any CPU.ActiveCfg = Debug|Any CPU
		{F7649755-1810-4705-A455-4A2E75DAF664}.Debug|Any CPU.Build.0 = Debug|Any CPU
		{F7649755-1810-4705-A455-4A2E75DAF664}.Release|Any CPU.ActiveCfg = Release|Any CPU
		{F7649755-1810-4705-A455-4A2E75DAF664}.Release|Any CPU.Build.0 = Release|Any CPU
		{956E8398-92C9-4042-A180-EE7B9D24B7F2}.Debug|Any CPU.ActiveCfg = Debug|Any CPU
		{956E8398-92C9-4042-A180-EE7B9D24B7F2}.Debug|Any CPU.Build.0 = Debug|Any CPU
		{956E8398-92C9-4042-A180-EE7B9D24B7F2}.Release|Any CPU.ActiveCfg = Release|Any CPU
		{956E8398-92C9-4042-A180-EE7B9D24B7F2}.Release|Any CPU.Build.0 = Release|Any CPU
	EndGlobalSection
	GlobalSection(SolutionProperties) = preSolution
		HideSolutionNode = FALSE
	EndGlobalSection
	GlobalSection(ExtensibilityGlobals) = postSolution
		SolutionGuid = {E7F2495E-DA02-4C0B-A152-57239C3891BB}
	EndGlobalSection
EndGlobal
